{
  "name": "atulpatidar1709",
  "version": "1.0.1",
  "lockfileVersion": 3,
  "requires": true,
  "packages": {
    "": {
      "name": "atulpatidar1709",
      "version": "1.0.1",
      "license": "MIT",
      "dependencies": {
        "atulpatidar1709": "^1.0.1"
      },
      "bin": {
        "atulpatidar1709": "index.js"
      }
    },
    "node_modules/atulpatidar1709": {
      "version": "1.0.1",
      "resolved": "https://registry.npmjs.org/atulpatidar1709/-/atulpatidar1709-1.0.1.tgz",
      "integrity": "sha512-9o/o4NCIUFu3YM4HkAe5HIO6XCyoKPpkQMme1E0m0BVh9WVJFKCTYtV9PADSikSZszEjwr9wOvzMZSzat2zvPg==",
      "license": "MIT",
      "bin": {
        "atulpatidar1709": "index.js"
      }
    }
  }
}
